
Microsoft Visual Studio Solution File, Format Version 12.00
# Visual Studio Version 16
VisualStudioVersion = 16.0.30114.105
MinimumVisualStudioVersion = 10.0.40219.1
Project("{FAE04EC0-301F-11D3-BF4B-00C04F79EFBC}") = "Source", "Source\Source.csproj", "{F4AAE0F0-023D-45B3-81C1-059A5F3E7C78}"
EndProject
Project("{FAE04EC0-301F-11D3-BF4B-00C04F79EFBC}") = "Source.Tests", "Source.Tests\Source.Tests.csproj", "{283160DC-B890-4C77-851F-C3F4EC92AA0C}"
EndProject
Global
	GlobalSection(SolutionConfigurationPlatforms) = preSolution
		Debug|Any CPU = Debug|Any CPU
		Release|Any CPU = Release|Any CPU
	EndGlobalSection
	GlobalSection(SolutionProperties) = preSolution
		HideSolutionNode = FALSE
	EndGlobalSection
	GlobalSection(ProjectConfigurationPlatforms) = postSolution
		{F4AAE0F0-023D-45B3-81C1-059A5F3E7C78}.Debug|Any CPU.ActiveCfg = Debug|Any CPU
		{F4AAE0F0-023D-45B3-81C1-059A5F3E7C78}.Debug|Any CPU.Build.0 = Debug|Any CPU
		{F4AAE0F0-023D-45B3-81C1-059A5F3E7C78}.Release|Any CPU.ActiveCfg = Release|Any CPU
		{F4AAE0F0-023D-45B3-81C1-059A5F3E7C78}.Release|Any CPU.Build.0 = Release|Any CPU
		{283160DC-B890-4C77-851F-C3F4EC92AA0C}.Debug|Any CPU.ActiveCfg = Debug|Any CPU
		{283160DC-B890-4C77-851F-C3F4EC92AA0C}.Debug|Any CPU.Build.0 = Debug|Any CPU
		{283160DC-B890-4C77-851F-C3F4EC92AA0C}.Release|Any CPU.ActiveCfg = Release|Any CPU
		{283160DC-B890-4C77-851F-C3F4EC92AA0C}.Release|Any CPU.Build.0 = Release|Any CPU
	EndGlobalSection
EndGlobal
